Microsoft Visual Studio Solution File, Format Version 12.00
# Visual Studio Version 17
VisualStudioVersion = 17.5.2.0
MinimumVisualStudioVersion = 10.0.40219.1
Project("{FAE04EC0-301F-11D3-BF4B-00C04F79EFBC}") = "tudoAoi", "tudoAoi.csproj", "{846A4AD0-810B-92E7-F79F-63721162F802}"
EndProject
Global
	GlobalSection(SolutionConfigurationPlatforms) = preSolution
		Debug|Any CPU = Debug|Any CPU
		Release|Any CPU = Release|Any CPU
	EndGlobalSection
	GlobalSection(ProjectConfigurationPlatforms) = postSolution
		{846A4AD0-810B-92E7-F79F-63721162F802}.Debug|Any CPU.ActiveCfg = Debug|Any CPU
		{846A4AD0-810B-92E7-F79F-63721162F802}.Debug|Any CPU.Build.0 = Debug|Any CPU
		{846A4AD0-810B-92E7-F79F-63721162F802}.Release|Any CPU.ActiveCfg = Release|Any CPU
		{846A4AD0-810B-92E7-F79F-63721162F802}.Release|Any CPU.Build.0 = Release|Any CPU
	EndGlobalSection
	GlobalSection(SolutionProperties) = preSolution
		HideSolutionNode = FALSE
	EndGlobalSection
	GlobalSection(ExtensibilityGlobals) = postSolution
		SolutionGuid = {570BB46B-92BE-4122-AD5F-97594FF37932}
	EndGlobalSection
EndGlobal
